
Microsoft Visual Studio Solution File, Format Version 12.00
# Visual Studio Version 17
VisualStudioVersion = 17.1.32228.430
MinimumVisualStudioVersion = 10.0.40219.1
Project("{FAE04EC0-301F-11D3-BF4B-00C04F79EFBC}") = "Labora", "Labora\Labora.csproj", "{F9CCBD8B-0ACB-4965-887E-D51E0151DDE6}"
EndProject
Project("{FAE04EC0-301F-11D3-BF4B-00C04F79EFBC}") = "Labora.Data", "Labora.Data\Labora.Data.csproj", "{439DD4E4-0414-4E04-A27E-997B7222D296}"
EndProject
Project("{FAE04EC0-301F-11D3-BF4B-00C04F79EFBC}") = "Labora.Models", "Labora.Models\Labora.Models.csproj", "{8CA65075-2CDB-4A6C-B616-8085EC63796F}"
EndProject
Global
	GlobalSection(SolutionConfigurationPlatforms) = preSolution
		Debug|Any CPU = Debug|Any CPU
		Release|Any CPU = Release|Any CPU
	EndGlobalSection
	GlobalSection(ProjectConfigurationPlatforms) = postSolution
		{F9CCBD8B-0ACB-4965-887E-D51E0151DDE6}.Debug|Any CPU.ActiveCfg = Debug|Any CPU
		{F9CCBD8B-0ACB-4965-887E-D51E0151DDE6}.Debug|Any CPU.Build.0 = Debug|Any CPU
		{F9CCBD8B-0ACB-4965-887E-D51E0151DDE6}.Release|Any CPU.ActiveCfg = Release|Any CPU
		{F9CCBD8B-0ACB-4965-887E-D51E0151DDE6}.Release|Any CPU.Build.0 = Release|Any CPU
		{439DD4E4-0414-4E04-A27E-997B7222D296}.Debug|Any CPU.ActiveCfg = Debug|Any CPU
		{439DD4E4-0414-4E04-A27E-997B7222D296}.Debug|Any CPU.Build.0 = Debug|Any CPU
		{439DD4E4-0414-4E04-A27E-997B7222D296}.Release|Any CPU.ActiveCfg = Release|Any CPU
		{439DD4E4-0414-4E04-A27E-997B7222D296}.Release|Any CPU.Build.0 = Release|Any CPU
		{8CA65075-2CDB-4A6C-B616-8085EC63796F}.Debug|Any CPU.ActiveCfg = Debug|Any CPU
		{8CA65075-2CDB-4A6C-B616-8085EC63796F}.Debug|Any CPU.Build.0 = Debug|Any CPU
		{8CA65075-2CDB-4A6C-B616-8085EC63796F}.Release|Any CPU.ActiveCfg = Release|Any CPU
		{8CA65075-2CDB-4A6C-B616-8085EC63796F}.Release|Any CPU.Build.0 = Release|Any CPU
	EndGlobalSection
	GlobalSection(SolutionProperties) = preSolution
		HideSolutionNode = FALSE
	EndGlobalSection
	GlobalSection(ExtensibilityGlobals) = postSolution
		SolutionGuid = {E6E448F0-74AE-42C4-871A-2C886E33A281}
	EndGlobalSection
EndGlobal
